// !$*UTF8*$!
{
	archiveVersion = 1;
	classes = {
	};
	objectVersion = 50;
	objects = {

/* Begin PBXBuildFile section */
		A20DA8CB26FADC2A00A4B760 /* AppDelegate.swift in Sources */ = {isa = PBXBuildFile; fileRef = A20DA8CA26FADC2A00A4B760 /* AppDelegate.swift */; };
		A20DA8CD26FADC2A00A4B760 /* DocumentBrowserViewController.swift in Sources */ = {isa = PBXBuildFile; fileRef = A20DA8CC26FADC2A00A4B760 /* DocumentBrowserViewController.swift */; };
		A20DA8CF26FADC2A00A4B760 /* DocumentViewController.swift in Sources */ = {isa = PBXBuildFile; fileRef = A20DA8CE26FADC2A00A4B760 /* DocumentViewController.swift */; };
		A20DA8D126FADC2A00A4B760 /* Document.swift in Sources */ = {isa = PBXBuildFile; fileRef = A20DA8D026FADC2A00A4B760 /* Document.swift */; };
		A20DA8D426FADC2A00A4B760 /* Main.storyboard in Resources */ = {isa = PBXBuildFile; fileRef = A20DA8D226FADC2A00A4B760 /* Main.storyboard */; };
		A20DA8D626FADC2B00A4B760 /* Assets.xcassets in Resources */ = {isa = PBXBuildFile; fileRef = A20DA8D526FADC2B00A4B760 /* Assets.xcassets */; };
		A20DA8D926FADC2B00A4B760 /* LaunchScreen.storyboard in Resources */ = {isa = PBXBuildFile; fileRef = A20DA8D726FADC2B00A4B760 /* LaunchScreen.storyboard */; };
		A20DA8E626FB114200A4B760 /* NavigationBar.xib in Resources */ = {isa = PBXBuildFile; fileRef = A20DA8E526FB114200A4B760 /* NavigationBar.xib */; };
		A20DA8EA26FB12C500A4B760 /* NavigationBar.swift in Sources */ = {isa = PBXBuildFile; fileRef = A20DA8E926FB12C500A4B760 /* NavigationBar.swift */; };
		A290208A2701F818005BD01D /* GridCellModel.swift in Sources */ = {isa = PBXBuildFile; fileRef = A29020892701F818005BD01D /* GridCellModel.swift */; };
		A2DFEF1A2701D1040013C0BD /* GridCell.swift in Sources */ = {isa = PBXBuildFile; fileRef = A2DFEF182701D1040013C0BD /* GridCell.swift */; };
		A2F0D28526FDD4E8006BE1E4 /* GridViewController.swift in Sources */ = {isa = PBXBuildFile; fileRef = A2F0D28426FDD4E8006BE1E4 /* GridViewController.swift */; };
		A2F0D28726FDFEF2006BE1E4 /* sample.pdf in Resources */ = {isa = PBXBuildFile; fileRef = A2F0D28626FDFEF2006BE1E4 /* sample.pdf */; };
/* End PBXBuildFile section */

/* Begin PBXFileReference section */
		A20DA8C726FADC2A00A4B760 /* PDFer.app */ = {isa = PBXFileReference; explicitFileType = wrapper.application; includeInIndex = 0; path = PDFer.app; sourceTree = BUILT_PRODUCTS_DIR; };
		A20DA8CA26FADC2A00A4B760 /* AppDelegate.swift */ = {isa = PBXFileReference; lastKnownFileType = sourcecode.swift; path = AppDelegate.swift; sourceTree = "<group>"; };
		A20DA8CC26FADC2A00A4B760 /* DocumentBrowserViewController.swift */ = {isa = PBXFileReference; lastKnownFileType = sourcecode.swift; path = DocumentBrowserViewController.swift; sourceTree = "<group>"; };
		A20DA8CE26FADC2A00A4B760 /* DocumentViewController.swift */ = {isa = PBXFileReference; lastKnownFileType = sourcecode.swift; path = DocumentViewController.swift; sourceTree = "<group>"; };
		A20DA8D026FADC2A00A4B760 /* Document.swift */ = {isa = PBXFileReference; lastKnownFileType = sourcecode.swift; path = Document.swift; sourceTree = "<group>"; };
		A20DA8D326FADC2A00A4B760 /* Base */ = {isa = PBXFileReference; lastKnownFileType = file.storyboard; name = Base; path = Base.lproj/Main.storyboard; sourceTree = "<group>"; };
		A20DA8D526FADC2B00A4B760 /* Assets.xcassets */ = {isa = PBXFileReference; lastKnownFileType = folder.assetcatalog; path = Assets.xcassets; sourceTree = "<group>"; };
		A20DA8D826FADC2B00A4B760 /* Base */ = {isa = PBXFileReference; lastKnownFileType = file.storyboard; name = Base; path = Base.lproj/LaunchScreen.storyboard; sourceTree = "<group>"; };
		A20DA8DA26FADC2B00A4B760 /* Info.plist */ = {isa = PBXFileReference; lastKnownFileType = text.plist.xml; path = Info.plist; sourceTree = "<group>"; };
		A20DA8E526FB114200A4B760 /* NavigationBar.xib */ = {isa = PBXFileReference; lastKnownFileType = file.xib; path = NavigationBar.xib; sourceTree = "<group>"; };
		A20DA8E926FB12C500A4B760 /* NavigationBar.swift */ = {isa = PBXFileReference; lastKnownFileType = sourcecode.swift; path = NavigationBar.swift; sourceTree = "<group>"; };
		A29020892701F818005BD01D /* GridCellModel.swift */ = {isa = PBXFileReference; lastKnownFileType = sourcecode.swift; path = GridCellModel.swift; sourceTree = "<group>"; };
		A2DFEF182701D1040013C0BD /* GridCell.swift */ = {isa = PBXFileReference; lastKnownFileType = sourcecode.swift; path = GridCell.swift; sourceTree = "<group>"; };
		A2F0D28426FDD4E8006BE1E4 /* GridViewController.swift */ = {isa = PBXFileReference; lastKnownFileType = sourcecode.swift; path = GridViewController.swift; sourceTree = "<group>"; };
		A2F0D28626FDFEF2006BE1E4 /* sample.pdf */ = {isa = PBXFileReference; lastKnownFileType = image.pdf; path = sample.pdf; sourceTree = "<group>"; };
/* End PBXFileReference section */

/* Begin PBXFrameworksBuildPhase section */
		A20DA8C426FADC2A00A4B760 /* Frameworks */ = {
			isa = PBXFrameworksBuildPhase;
			buildActionMask = 2147483647;
			files = (
			);
			runOnlyForDeploymentPostprocessing = 0;
		};
/* End PBXFrameworksBuildPhase section */

/* Begin PBXGroup section */
		A20DA8BE26FADC2A00A4B760 = {
			isa = PBXGroup;
			children = (
				A20DA8C926FADC2A00A4B760 /* PDFer */,
				A20DA8C826FADC2A00A4B760 /* Products */,
			);
			sourceTree = "<group>";
		};
		A20DA8C826FADC2A00A4B760 /* Products */ = {
			isa = PBXGroup;
			children = (
				A20DA8C726FADC2A00A4B760 /* PDFer.app */,
			);
			name = Products;
			sourceTree = "<group>";
		};
		A20DA8C926FADC2A00A4B760 /* PDFer */ = {
			isa = PBXGroup;
			children = (
				A2F0D28626FDFEF2006BE1E4 /* sample.pdf */,
				A2F0D28326FDD4D5006BE1E4 /* grid */,
				A20DA8E226FB0D6200A4B760 /* navigation */,
				A20DA8CA26FADC2A00A4B760 /* AppDelegate.swift */,
				A20DA8CC26FADC2A00A4B760 /* DocumentBrowserViewController.swift */,
				A20DA8CE26FADC2A00A4B760 /* DocumentViewController.swift */,
				A20DA8D026FADC2A00A4B760 /* Document.swift */,
				A20DA8D226FADC2A00A4B760 /* Main.storyboard */,
				A20DA8D526FADC2B00A4B760 /* Assets.xcassets */,
				A20DA8D726FADC2B00A4B760 /* LaunchScreen.storyboard */,
				A20DA8DA26FADC2B00A4B760 /* Info.plist */,
			);
			path = PDFer;
			sourceTree = "<group>";
		};
		A20DA8E226FB0D6200A4B760 /* navigation */ = {
			isa = PBXGroup;
			children = (
				A20DA8E526FB114200A4B760 /* NavigationBar.xib */,
				A20DA8E926FB12C500A4B760 /* NavigationBar.swift */,
			);
			path = navigation;
			sourceTree = "<group>";
		};
		A2F0D28326FDD4D5006BE1E4 /* grid */ = {
			isa = PBXGroup;
			children = (
				A2F0D28426FDD4E8006BE1E4 /* GridViewController.swift */,
				A2DFEF182701D1040013C0BD /* GridCell.swift */,
				A29020892701F818005BD01D /* GridCellModel.swift */,
			);
			path = grid;
			sourceTree = "<group>";
		};
/* End PBXGroup section */

/* Begin PBXNativeTarget section */
		A20DA8C626FADC2A00A4B760 /* PDFer */ = {
			isa = PBXNativeTarget;
			buildConfigurationList = A20DA8DD26FADC2B00A4B760 /* Build configuration list for PBXNativeTarget "PDFer" */;
			buildPhases = (
				A20DA8C326FADC2A00A4B760 /* Sources */,
				A20DA8C426FADC2A00A4B760 /* Frameworks */,
				A20DA8C526FADC2A00A4B760 /* Resources */,
			);
			buildRules = (
			);
			dependencies = (
			);
			name = PDFer;
			productName = PDFTemp;
			productReference = A20DA8C726FADC2A00A4B760 /* PDFer.app */;
			productType = "com.apple.product-type.application";
		};
/* End PBXNativeTarget section */

/* Begin PBXProject section */
		A20DA8BF26FADC2A00A4B760 /* Project object */ = {
			isa = PBXProject;
			attributes = {
				LastSwiftUpdateCheck = 1250;
				LastUpgradeCheck = 1250;
				TargetAttributes = {
					A20DA8C626FADC2A00A4B760 = {
						CreatedOnToolsVersion = 12.5.1;
					};
				};
			};
			buildConfigurationList = A20DA8C226FADC2A00A4B760 /* Build configuration list for PBXProject "PDFer" */;
			compatibilityVersion = "Xcode 9.3";
			developmentRegion = en;
			hasScannedForEncodings = 0;
			knownRegions = (
				en,
				Base,
			);
			mainGroup = A20DA8BE26FADC2A00A4B760;
			productRefGroup = A20DA8C826FADC2A00A4B760 /* Products */;
			projectDirPath = "";
			projectRoot = "";
			targets = (
				A20DA8C626FADC2A00A4B760 /* PDFer */,
			);
		};
/* End PBXProject section */

/* Begin PBXResourcesBuildPhase section */
		A20DA8C526FADC2A00A4B760 /* Resources */ = {
			isa = PBXResourcesBuildPhase;
			buildActionMask = 2147483647;
			files = (
				A20DA8D926FADC2B00A4B760 /* LaunchScreen.storyboard in Resources */,
				A20DA8D626FADC2B00A4B760 /* Assets.xcassets in Resources */,
				A20DA8D426FADC2A00A4B760 /* Main.storyboard in Resources */,
				A20DA8E626FB114200A4B760 /* NavigationBar.xib in Resources */,
				A2F0D28726FDFEF2006BE1E4 /* sample.pdf in Resources */,
			);
			runOnlyForDeploymentPostprocessing = 0;
		};
/* End PBXResourcesBuildPhase section */

/* Begin PBXSourcesBuildPhase section */
		A20DA8C326FADC2A00A4B760 /* Sources */ = {
			isa = PBXSourcesBuildPhase;
			buildActionMask = 2147483647;
			files = (
				A20DA8EA26FB12C500A4B760 /* NavigationBar.swift in Sources */,
				A20DA8D126FADC2A00A4B760 /* Document.swift in Sources */,
				A20DA8CF26FADC2A00A4B760 /* DocumentViewController.swift in Sources */,
				A2DFEF1A2701D1040013C0BD /* GridCell.swift in Sources */,
				A20DA8CD26FADC2A00A4B760 /* DocumentBrowserViewController.swift in Sources */,
				A290208A2701F818005BD01D /* GridCellModel.swift in Sources */,
				A20DA8CB26FADC2A00A4B760 /* AppDelegate.swift in Sources */,
				A2F0D28526FDD4E8006BE1E4 /* GridViewController.swift in Sources */,
			);
			runOnlyForDeploymentPostprocessing = 0;
		};
/* End PBXSourcesBuildPhase section */

/* Begin PBXVariantGroup section */
		A20DA8D226FADC2A00A4B760 /* Main.storyboard */ = {
			isa = PBXVariantGroup;
			children = (
				A20DA8D326FADC2A00A4B760 /* Base */,
			);
			name = Main.storyboard;
			sourceTree = "<group>";
		};
		A20DA8D726FADC2B00A4B760 /* LaunchScreen.storyboard */ = {
			isa = PBXVariantGroup;
			children = (
				A20DA8D826FADC2B00A4B760 /* Base */,
			);
			name = LaunchScreen.storyboard;
			sourceTree = "<group>";
		};
/* End PBXVariantGroup section */

/* Begin XCBuildConfiguration section */
		A20DA8DB26FADC2B00A4B760 /* Debug */ = {
			isa = XCBuildConfiguration;
			buildSettings = {
				ALWAYS_SEARCH_USER_PATHS = NO;
				CLANG_ANALYZER_NONNULL = YES;
				CLANG_ANALYZER_NUMBER_OBJECT_CONVERSION = YES_AGGRESSIVE;
				CLANG_CXX_LANGUAGE_STANDARD = "gnu++14";
				CLANG_CXX_LIBRARY = "libc++";
				CLANG_ENABLE_MODULES = YES;
				CLANG_ENABLE_OBJC_ARC = YES;
				CLANG_ENABLE_OBJC_WEAK = YES;
				CLANG_WARN_BLOCK_CAPTURE_AUTORELEASING = YES;
				CLANG_WARN_BOOL_CONVERSION = YES;
				CLANG_WARN_COMMA = YES;
				CLANG_WARN_CONSTANT_CONVERSION = YES;
				CLANG_WARN_DEPRECATED_OBJC_IMPLEMENTATIONS = YES;
				CLANG_WARN_DIRECT_OBJC_ISA_USAGE = YES_ERROR;
				CLANG_WARN_DOCUMENTATION_COMMENTS = YES;
				CLANG_WARN_EMPTY_BODY = YES;
				CLANG_WARN_ENUM_CONVERSION = YES;
				CLANG_WARN_INFINITE_RECURSION = YES;
				CLANG_WARN_INT_CONVERSION = YES;
				CLANG_WARN_NON_LITERAL_NULL_CONVERSION = YES;
				CLANG_WARN_OBJC_IMPLICIT_RETAIN_SELF = YES;
				CLANG_WARN_OBJC_LITERAL_CONVERSION = YES;
				CLANG_WARN_OBJC_ROOT_CLASS = YES_ERROR;
				CLANG_WARN_QUOTED_INCLUDE_IN_FRAMEWORK_HEADER = YES;
				CLANG_WARN_RANGE_LOOP_ANALYSIS = YES;
				CLANG_WARN_STRICT_PROTOTYPES = YES;
				CLANG_WARN_SUSPICIOUS_MOVE = YES;
				CLANG_WARN_UNGUARDED_AVAILABILITY = YES_AGGRESSIVE;
				CLANG_WARN_UNREACHABLE_CODE = YES;
				CLANG_WARN__DUPLICATE_METHOD_MATCH = YES;
				COPY_PHASE_STRIP = NO;
				DEBUG_INFORMATION_FORMAT = dwarf;
				ENABLE_STRICT_OBJC_MSGSEND = YES;
				ENABLE_TESTABILITY = YES;
				GCC_C_LANGUAGE_STANDARD = gnu11;
				GCC_DYNAMIC_NO_PIC = NO;
				GCC_NO_COMMON_BLOCKS = YES;
				GCC_OPTIMIZATION_LEVEL = 0;
				GCC_PREPROCESSOR_DEFINITIONS = (
					"DEBUG=1",
					"$(inherited)",
				);
				GCC_WARN_64_TO_32_BIT_CONVERSION = YES;
				GCC_WARN_ABOUT_RETURN_TYPE = YES_ERROR;
				GCC_WARN_UNDECLARED_SELECTOR = YES;
				GCC_WARN_UNINITIALIZED_AUTOS = YES_AGGRESSIVE;
				GCC_WARN_UNUSED_FUNCTION = YES;
				GCC_WARN_UNUSED_VARIABLE = YES;
				IPHONEOS_DEPLOYMENT_TARGET = 14.5;
				MTL_ENABLE_DEBUG_INFO = INCLUDE_SOURCE;
				MTL_FAST_MATH = YES;
				ONLY_ACTIVE_ARCH = YES;
				SDKROOT = iphoneos;
				SWIFT_ACTIVE_COMPILATION_CONDITIONS = DEBUG;
				SWIFT_OPTIMIZATION_LEVEL = "-Onone";
			};
			name = Debug;
		};
		A20DA8DC26FADC2B00A4B760 /* Release */ = {
			isa = XCBuildConfiguration;
			buildSettings = {
				ALWAYS_SEARCH_USER_PATHS = NO;
				CLANG_ANALYZER_NONNULL = YES;
				CLANG_ANALYZER_NUMBER_OBJECT_CONVERSION = YES_AGGRESSIVE;
				CLANG_CXX_LANGUAGE_STANDARD = "gnu++14";
				CLANG_CXX_LIBRARY = "libc++";
				CLANG_ENABLE_MODULES = YES;
				CLANG_ENABLE_OBJC_ARC = YES;
				CLANG_ENABLE_OBJC_WEAK = YES;
				CLANG_WARN_BLOCK_CAPTURE_AUTORELEASING = YES;
				CLANG_WARN_BOOL_CONVERSION = YES;
				CLANG_WARN_COMMA = YES;
				CLANG_WARN_CONSTANT_CONVERSION = YES;
				CLANG_WARN_DEPRECATED_OBJC_IMPLEMENTATIONS = YES;
				CLANG_WARN_DIRECT_OBJC_ISA_USAGE = YES_ERROR;
				CLANG_WARN_DOCUMENTATION_COMMENTS = YES;
				CLANG_WARN_EMPTY_BODY = YES;
				CLANG_WARN_ENUM_CONVERSION = YES;
				CLANG_WARN_INFINITE_RECURSION = YES;
				CLANG_WARN_INT_CONVERSION = YES;
				CLANG_WARN_NON_LITERAL_NULL_CONVERSION = YES;
				CLANG_WARN_OBJC_IMPLICIT_RETAIN_SELF = YES;
				CLANG_WARN_OBJC_LITERAL_CONVERSION = YES;
				CLANG_WARN_OBJC_ROOT_CLASS = YES_ERROR;
				CLANG_WARN_QUOTED_INCLUDE_IN_FRAMEWORK_HEADER = YES;
				CLANG_WARN_RANGE_LOOP_ANALYSIS = YES;
				CLANG_WARN_STRICT_PROTOTYPES = YES;
				CLANG_WARN_SUSPICIOUS_MOVE = YES;
				CLANG_WARN_UNGUARDED_AVAILABILITY = YES_AGGRESSIVE;
				CLANG_WARN_UNREACHABLE_CODE = YES;
				CLANG_WARN__DUPLICATE_METHOD_MATCH = YES;
				COPY_PHASE_STRIP = NO;
				DEBUG_INFORMATION_FORMAT = "dwarf-with-dsym";
				ENABLE_NS_ASSERTIONS = NO;
				ENABLE_STRICT_OBJC_MSGSEND = YES;
				GCC_C_LANGUAGE_STANDARD = gnu11;
				GCC_NO_COMMON_BLOCKS = YES;
				GCC_WARN_64_TO_32_BIT_CONVERSION = YES;
				GCC_WARN_ABOUT_RETURN_TYPE = YES_ERROR;
				GCC_WARN_UNDECLARED_SELECTOR = YES;
				GCC_WARN_UNINITIALIZED_AUTOS = YES_AGGRESSIVE;
				GCC_WARN_UNUSED_FUNCTION = YES;
				GCC_WARN_UNUSED_VARIABLE = YES;
				IPHONEOS_DEPLOYMENT_TARGET = 14.5;
				MTL_ENABLE_DEBUG_INFO = NO;
				MTL_FAST_MATH = YES;
				SDKROOT = iphoneos;
				SWIFT_COMPILATION_MODE = wholemodule;
				SWIFT_OPTIMIZATION_LEVEL = "-O";
				VALIDATE_PRODUCT = YES;
			};
			name = Release;
		};
		A20DA8DE26FADC2B00A4B760 /* Debug */ = {
			isa = XCBuildConfiguration;
			buildSettings = {
				ASSETCATALOG_COMPILER_APPICON_NAME = AppIcon;
				ASSETCATALOG_COMPILER_GLOBAL_ACCENT_COLOR_NAME = AccentColor;
				CODE_SIGN_STYLE = Automatic;
				DEVELOPMENT_TEAM = NDPNK3DK9D;
				INFOPLIST_FILE = PDFer/Info.plist;
				LD_RUNPATH_SEARCH_PATHS = (
					"$(inherited)",
					"@executable_path/Frameworks",
				);
				PRODUCT_BUNDLE_IDENTIFIER = com.madhav.PDFer;
				PRODUCT_NAME = "$(TARGET_NAME)";
				SWIFT_VERSION = 5.0;
				TARGETED_DEVICE_FAMILY = "1,2";
			};
			name = Debug;
		};
		A20DA8DF26FADC2B00A4B760 /* Release */ = {
			isa = XCBuildConfiguration;
			buildSettings = {
				ASSETCATALOG_COMPILER_APPICON_NAME = AppIcon;
				ASSETCATALOG_COMPILER_GLOBAL_ACCENT_COLOR_NAME = AccentColor;
				CODE_SIGN_STYLE = Automatic;
				DEVELOPMENT_TEAM = NDPNK3DK9D;
				INFOPLIST_FILE = PDFer/Info.plist;
				LD_RUNPATH_SEARCH_PATHS = (
					"$(inherited)",
					"@executable_path/Frameworks",
				);
				PRODUCT_BUNDLE_IDENTIFIER = com.madhav.PDFer;
				PRODUCT_NAME = "$(TARGET_NAME)";
				SWIFT_VERSION = 5.0;
				TARGETED_DEVICE_FAMILY = "1,2";
			};
			name = Release;
		};
/* End XCBuildConfiguration section */

/* Begin XCConfigurationList section */
		A20DA8C226FADC2A00A4B760 /* Build configuration list for PBXProject "PDFer" */ = {
			isa = XCConfigurationList;
			buildConfigurations = (
				A20DA8DB26FADC2B00A4B760 /* Debug */,
				A20DA8DC26FADC2B00A4B760 /* Release */,
			);
			defaultConfigurationIsVisible = 0;
			defaultConfigurationName = Release;
		};
		A20DA8DD26FADC2B00A4B760 /* Build configuration list for PBXNativeTarget "PDFer" */ = {
			isa = XCConfigurationList;
			buildConfigurations = (
				A20DA8DE26FADC2B00A4B760 /* Debug */,
				A20DA8DF26FADC2B00A4B760 /* Release */,
			);
			defaultConfigurationIsVisible = 0;
			defaultConfigurationName = Release;
		};
/* End XCConfigurationList section */
	};
	rootObject = A20DA8BF26FADC2A00A4B760 /* Project object */;
}
